// !$*UTF8*$!
{
	archiveVersion = 1;
	classes = {
	};
	objectVersion = 46;
	objects = {

/* Begin PBXBuildFile section */
		4FF102811E7B068D0052CDE8 /* AppDelegate.swift in Sources */ = {isa = PBXBuildFile; fileRef = 4FF102801E7B068D0052CDE8 /* AppDelegate.swift */; };
		4FF102831E7B068D0052CDE8 /* ViewController.swift in Sources */ = {isa = PBXBuildFile; fileRef = 4FF102821E7B068D0052CDE8 /* ViewController.swift */; };
		4FF102861E7B068D0052CDE8 /* Main.storyboard in Resources */ = {isa = PBXBuildFile; fileRef = 4FF102841E7B068D0052CDE8 /* Main.storyboard */; };
		4FF102881E7B068D0052CDE8 /* Assets.xcassets in Resources */ = {isa = PBXBuildFile; fileRef = 4FF102871E7B068D0052CDE8 /* Assets.xcassets */; };
		4FF1028B1E7B068D0052CDE8 /* LaunchScreen.storyboard in Resources */ = {isa = PBXBuildFile; fileRef = 4FF102891E7B068D0052CDE8 /* LaunchScreen.storyboard */; };
		4FF102971E7B20A70052CDE8 /* LẠC TRÔI - OFFICIAL MUSIC VIDEO - SƠN TÙNG M-TP.mp4 in Resources */ = {isa = PBXBuildFile; fileRef = 4FF102961E7B20A70052CDE8 /* LẠC TRÔI - OFFICIAL MUSIC VIDEO - SƠN TÙNG M-TP.mp4 */; };
		4FF102991E7B2CFA0052CDE8 /* custumButton.swift in Sources */ = {isa = PBXBuildFile; fileRef = 4FF102981E7B2CFA0052CDE8 /* custumButton.swift */; };
/* End PBXBuildFile section */

/* Begin PBXFileReference section */
		4FF1027D1E7B068D0052CDE8 /* LoginBackgroudVideo.app */ = {isa = PBXFileReference; explicitFileType = wrapper.application; includeInIndex = 0; path = LoginBackgroudVideo.app; sourceTree = BUILT_PRODUCTS_DIR; };
		4FF102801E7B068D0052CDE8 /* AppDelegate.swift */ = {isa = PBXFileReference; lastKnownFileType = sourcecode.swift; path = AppDelegate.swift; sourceTree = "<group>"; };
		4FF102821E7B068D0052CDE8 /* ViewController.swift */ = {isa = PBXFileReference; lastKnownFileType = sourcecode.swift; path = ViewController.swift; sourceTree = "<group>"; };
		4FF102851E7B068D0052CDE8 /* Base */ = {isa = PBXFileReference; lastKnownFileType = file.storyboard; name = Base; path = Base.lproj/Main.storyboard; sourceTree = "<group>"; };
		4FF102871E7B068D0052CDE8 /* Assets.xcassets */ = {isa = PBXFileReference; lastKnownFileType = folder.assetcatalog; path = Assets.xcassets; sourceTree = "<group>"; };
		4FF1028A1E7B068D0052CDE8 /* Base */ = {isa = PBXFileReference; lastKnownFileType = file.storyboard; name = Base; path = Base.lproj/LaunchScreen.storyboard; sourceTree = "<group>"; };
		4FF1028C1E7B068D0052CDE8 /* Info.plist */ = {isa = PBXFileReference; lastKnownFileType = text.plist.xml; path = Info.plist; sourceTree = "<group>"; };
		4FF102961E7B20A70052CDE8 /* LẠC TRÔI - OFFICIAL MUSIC VIDEO - SƠN TÙNG M-TP.mp4 */ = {isa = PBXFileReference; lastKnownFileType = file; name = "LẠC TRÔI - OFFICIAL MUSIC VIDEO - SƠN TÙNG M-TP.mp4"; path = "../LẠC TRÔI - OFFICIAL MUSIC VIDEO - SƠN TÙNG M-TP.mp4"; sourceTree = "<group>"; };
		4FF102981E7B2CFA0052CDE8 /* custumButton.swift */ = {isa = PBXFileReference; fileEncoding = 4; lastKnownFileType = sourcecode.swift; path = custumButton.swift; sourceTree = "<group>"; };
/* End PBXFileReference section */

/* Begin PBXFrameworksBuildPhase section */
		4FF1027A1E7B068C0052CDE8 /* Frameworks */ = {
			isa = PBXFrameworksBuildPhase;
			buildActionMask = 2147483647;
			files = (
			);
			runOnlyForDeploymentPostprocessing = 0;
		};
/* End PBXFrameworksBuildPhase section */

/* Begin PBXGroup section */
		4FF102741E7B068C0052CDE8 = {
			isa = PBXGroup;
			children = (
				4FF1027F1E7B068D0052CDE8 /* LoginBackgroudVideo */,
				4FF1027E1E7B068D0052CDE8 /* Products */,
			);
			sourceTree = "<group>";
		};
		4FF1027E1E7B068D0052CDE8 /* Products */ = {
			isa = PBXGroup;
			children = (
				4FF1027D1E7B068D0052CDE8 /* LoginBackgroudVideo.app */,
			);
			name = Products;
			sourceTree = "<group>";
		};
		4FF1027F1E7B068D0052CDE8 /* LoginBackgroudVideo */ = {
			isa = PBXGroup;
			children = (
				4FF102961E7B20A70052CDE8 /* LẠC TRÔI - OFFICIAL MUSIC VIDEO - SƠN TÙNG M-TP.mp4 */,
				4FF102801E7B068D0052CDE8 /* AppDelegate.swift */,
				4FF102821E7B068D0052CDE8 /* ViewController.swift */,
				4FF102841E7B068D0052CDE8 /* Main.storyboard */,
				4FF102871E7B068D0052CDE8 /* Assets.xcassets */,
				4FF102891E7B068D0052CDE8 /* LaunchScreen.storyboard */,
				4FF1028C1E7B068D0052CDE8 /* Info.plist */,
				4FF102981E7B2CFA0052CDE8 /* custumButton.swift */,
			);
			path = LoginBackgroudVideo;
			sourceTree = "<group>";
		};
/* End PBXGroup section */

/* Begin PBXNativeTarget section */
		4FF1027C1E7B068C0052CDE8 /* LoginBackgroudVideo */ = {
			isa = PBXNativeTarget;
			buildConfigurationList = 4FF1028F1E7B068D0052CDE8 /* Build configuration list for PBXNativeTarget "LoginBackgroudVideo" */;
			buildPhases = (
				4FF102791E7B068C0052CDE8 /* Sources */,
				4FF1027A1E7B068C0052CDE8 /* Frameworks */,
				4FF1027B1E7B068C0052CDE8 /* Resources */,
			);
			buildRules = (
			);
			dependencies = (
			);
			name = LoginBackgroudVideo;
			productName = LoginBackgroudVideo;
			productReference = 4FF1027D1E7B068D0052CDE8 /* LoginBackgroudVideo.app */;
			productType = "com.apple.product-type.application";
		};
/* End PBXNativeTarget section */

/* Begin PBXProject section */
		4FF102751E7B068C0052CDE8 /* Project object */ = {
			isa = PBXProject;
			attributes = {
				LastSwiftUpdateCheck = 0810;
				LastUpgradeCheck = 0810;
				ORGANIZATIONNAME = admin;
				TargetAttributes = {
					4FF1027C1E7B068C0052CDE8 = {
						CreatedOnToolsVersion = 8.1;
						DevelopmentTeam = 9Z29X6E8U3;
						ProvisioningStyle = Automatic;
					};
				};
			};
			buildConfigurationList = 4FF102781E7B068C0052CDE8 /* Build configuration list for PBXProject "LoginBackgroudVideo" */;
			compatibilityVersion = "Xcode 3.2";
			developmentRegion = English;
			hasScannedForEncodings = 0;
			knownRegions = (
				en,
				Base,
			);
			mainGroup = 4FF102741E7B068C0052CDE8;
			productRefGroup = 4FF1027E1E7B068D0052CDE8 /* Products */;
			projectDirPath = "";
			projectRoot = "";
			targets = (
				4FF1027C1E7B068C0052CDE8 /* LoginBackgroudVideo */,
			);
		};
/* End PBXProject section */

/* Begin PBXResourcesBuildPhase section */
		4FF1027B1E7B068C0052CDE8 /* Resources */ = {
			isa = PBXResourcesBuildPhase;
			buildActionMask = 2147483647;
			files = (
				4FF1028B1E7B068D0052CDE8 /* LaunchScreen.storyboard in Resources */,
				4FF102971E7B20A70052CDE8 /* LẠC TRÔI - OFFICIAL MUSIC VIDEO - SƠN TÙNG M-TP.mp4 in Resources */,
				4FF102881E7B068D0052CDE8 /* Assets.xcassets in Resources */,
				4FF102861E7B068D0052CDE8 /* Main.storyboard in Resources */,
			);
			runOnlyForDeploymentPostprocessing = 0;
		};
/* End PBXResourcesBuildPhase section */

/* Begin PBXSourcesBuildPhase section */
		4FF102791E7B068C0052CDE8 /* Sources */ = {
			isa = PBXSourcesBuildPhase;
			buildActionMask = 2147483647;
			files = (
				4FF102831E7B068D0052CDE8 /* ViewController.swift in Sources */,
				4FF102811E7B068D0052CDE8 /* AppDelegate.swift in Sources */,
				4FF102991E7B2CFA0052CDE8 /* custumButton.swift in Sources */,
			);
			runOnlyForDeploymentPostprocessing = 0;
		};
/* End PBXSourcesBuildPhase section */

/* Begin PBXVariantGroup section */
		4FF102841E7B068D0052CDE8 /* Main.storyboard */ = {
			isa = PBXVariantGroup;
			children = (
				4FF102851E7B068D0052CDE8 /* Base */,
			);
			name = Main.storyboard;
			sourceTree = "<group>";
		};
		4FF102891E7B068D0052CDE8 /* LaunchScreen.storyboard */ = {
			isa = PBXVariantGroup;
			children = (
				4FF1028A1E7B068D0052CDE8 /* Base */,
			);
			name = LaunchScreen.storyboard;
			sourceTree = "<group>";
		};
/* End PBXVariantGroup section */

/* Begin XCBuildConfiguration section */
		4FF1028D1E7B068D0052CDE8 /* Debug */ = {
			isa = XCBuildConfiguration;
			buildSettings = {
				ALWAYS_SEARCH_USER_PATHS = NO;
				CLANG_ANALYZER_NONNULL = YES;
				CLANG_CXX_LANGUAGE_STANDARD = "gnu++0x";
				CLANG_CXX_LIBRARY = "libc++";
				CLANG_ENABLE_MODULES = YES;
				CLANG_ENABLE_OBJC_ARC = YES;
				CLANG_WARN_BOOL_CONVERSION = YES;
				CLANG_WARN_CONSTANT_CONVERSION = YES;
				CLANG_WARN_DIRECT_OBJC_ISA_USAGE = YES_ERROR;
				CLANG_WARN_DOCUMENTATION_COMMENTS = YES;
				CLANG_WARN_EMPTY_BODY = YES;
				CLANG_WARN_ENUM_CONVERSION = YES;
				CLANG_WARN_INFINITE_RECURSION = YES;
				CLANG_WARN_INT_CONVERSION = YES;
				CLANG_WARN_OBJC_ROOT_CLASS = YES_ERROR;
				CLANG_WARN_SUSPICIOUS_MOVES = YES;
				CLANG_WARN_UNREACHABLE_CODE = YES;
				CLANG_WARN__DUPLICATE_METHOD_MATCH = YES;
				"CODE_SIGN_IDENTITY[sdk=iphoneos*]" = "iPhone Developer";
				COPY_PHASE_STRIP = NO;
				DEBUG_INFORMATION_FORMAT = dwarf;
				ENABLE_STRICT_OBJC_MSGSEND = YES;
				ENABLE_TESTABILITY = YES;
				GCC_C_LANGUAGE_STANDARD = gnu99;
				GCC_DYNAMIC_NO_PIC = NO;
				GCC_NO_COMMON_BLOCKS = YES;
				GCC_OPTIMIZATION_LEVEL = 0;
				GCC_PREPROCESSOR_DEFINITIONS = (
					"DEBUG=1",
					"$(inherited)",
				);
				GCC_WARN_64_TO_32_BIT_CONVERSION = YES;
				GCC_WARN_ABOUT_RETURN_TYPE = YES_ERROR;
				GCC_WARN_UNDECLARED_SELECTOR = YES;
				GCC_WARN_UNINITIALIZED_AUTOS = YES_AGGRESSIVE;
				GCC_WARN_UNUSED_FUNCTION = YES;
				GCC_WARN_UNUSED_VARIABLE = YES;
				IPHONEOS_DEPLOYMENT_TARGET = 10.1;
				MTL_ENABLE_DEBUG_INFO = YES;
				ONLY_ACTIVE_ARCH = YES;
				SDKROOT = iphoneos;
				SWIFT_ACTIVE_COMPILATION_CONDITIONS = DEBUG;
				SWIFT_OPTIMIZATION_LEVEL = "-Onone";
				TARGETED_DEVICE_FAMILY = "1,2";
			};
			name = Debug;
		};
		4FF1028E1E7B068D0052CDE8 /* Release */ = {
			isa = XCBuildConfiguration;
			buildSettings = {
				ALWAYS_SEARCH_USER_PATHS = NO;
				CLANG_ANALYZER_NONNULL = YES;
				CLANG_CXX_LANGUAGE_STANDARD = "gnu++0x";
				CLANG_CXX_LIBRARY = "libc++";
				CLANG_ENABLE_MODULES = YES;
				CLANG_ENABLE_OBJC_ARC = YES;
				CLANG_WARN_BOOL_CONVERSION = YES;
				CLANG_WARN_CONSTANT_CONVERSION = YES;
				CLANG_WARN_DIRECT_OBJC_ISA_USAGE = YES_ERROR;
				CLANG_WARN_DOCUMENTATION_COMMENTS = YES;
				CLANG_WARN_EMPTY_BODY = YES;
				CLANG_WARN_ENUM_CONVERSION = YES;
				CLANG_WARN_INFINITE_RECURSION = YES;
				CLANG_WARN_INT_CONVERSION = YES;
				CLANG_WARN_OBJC_ROOT_CLASS = YES_ERROR;
				CLANG_WARN_SUSPICIOUS_MOVES = YES;
				CLANG_WARN_UNREACHABLE_CODE = YES;
				CLANG_WARN__DUPLICATE_METHOD_MATCH = YES;
				"CODE_SIGN_IDENTITY[sdk=iphoneos*]" = "iPhone Developer";
				COPY_PHASE_STRIP = NO;
				DEBUG_INFORMATION_FORMAT = "dwarf-with-dsym";
				ENABLE_NS_ASSERTIONS = NO;
				ENABLE_STRICT_OBJC_MSGSEND = YES;
				GCC_C_LANGUAGE_STANDARD = gnu99;
				GCC_NO_COMMON_BLOCKS = YES;
				GCC_WARN_64_TO_32_BIT_CONVERSION = YES;
				GCC_WARN_ABOUT_RETURN_TYPE = YES_ERROR;
				GCC_WARN_UNDECLARED_SELECTOR = YES;
				GCC_WARN_UNINITIALIZED_AUTOS = YES_AGGRESSIVE;
				GCC_WARN_UNUSED_FUNCTION = YES;
				GCC_WARN_UNUSED_VARIABLE = YES;
				IPHONEOS_DEPLOYMENT_TARGET = 10.1;
				MTL_ENABLE_DEBUG_INFO = NO;
				SDKROOT = iphoneos;
				SWIFT_OPTIMIZATION_LEVEL = "-Owholemodule";
				TARGETED_DEVICE_FAMILY = "1,2";
				VALIDATE_PRODUCT = YES;
			};
			name = Release;
		};
		4FF102901E7B068D0052CDE8 /* Debug */ = {
			isa = XCBuildConfiguration;
			buildSettings = {
				ASSETCATALOG_COMPILER_APPICON_NAME = AppIcon;
				DEVELOPMENT_TEAM = 9Z29X6E8U3;
				INFOPLIST_FILE = LoginBackgroudVideo/Info.plist;
				LD_RUNPATH_SEARCH_PATHS = "$(inherited) @executable_path/Frameworks";
				PRODUCT_BUNDLE_IDENTIFIER = admin.LoginBackgroudVideo;
				PRODUCT_NAME = "$(TARGET_NAME)";
				SWIFT_VERSION = 3.0;
			};
			name = Debug;
		};
		4FF102911E7B068D0052CDE8 /* Release */ = {
			isa = XCBuildConfiguration;
			buildSettings = {
				ASSETCATALOG_COMPILER_APPICON_NAME = AppIcon;
				DEVELOPMENT_TEAM = 9Z29X6E8U3;
				INFOPLIST_FILE = LoginBackgroudVideo/Info.plist;
				LD_RUNPATH_SEARCH_PATHS = "$(inherited) @executable_path/Frameworks";
				PRODUCT_BUNDLE_IDENTIFIER = admin.LoginBackgroudVideo;
				PRODUCT_NAME = "$(TARGET_NAME)";
				SWIFT_VERSION = 3.0;
			};
			name = Release;
		};
/* End XCBuildConfiguration section */

/* Begin XCConfigurationList section */
		4FF102781E7B068C0052CDE8 /* Build configuration list for PBXProject "LoginBackgroudVideo" */ = {
			isa = XCConfigurationList;
			buildConfigurations = (
				4FF1028D1E7B068D0052CDE8 /* Debug */,
				4FF1028E1E7B068D0052CDE8 /* Release */,
			);
			defaultConfigurationIsVisible = 0;
			defaultConfigurationName = Release;
		};
		4FF1028F1E7B068D0052CDE8 /* Build configuration list for PBXNativeTarget "LoginBackgroudVideo" */ = {
			isa = XCConfigurationList;
			buildConfigurations = (
				4FF102901E7B068D0052CDE8 /* Debug */,
				4FF102911E7B068D0052CDE8 /* Release */,
			);
			defaultConfigurationIsVisible = 0;
		};
/* End XCConfigurationList section */
	};
	rootObject = 4FF102751E7B068C0052CDE8 /* Project object */;
}
